
Microsoft Visual Studio Solution File, Format Version 12.00
# Visual Studio Version 16
VisualStudioVersion = 16.0.28714.193
MinimumVisualStudioVersion = 10.0.40219.1
Project("{FAE04EC0-301F-11D3-BF4B-00C04F79EFBC}") = "Bmi", "Bmi\Bmi.csproj", "{93EC6483-7E58-49DE-B200-A7F4A58724C6}"
EndProject
Project("{FAE04EC0-301F-11D3-BF4B-00C04F79EFBC}") = "Bmi.Tests", "Bmi.Tests\Bmi.Tests.csproj", "{62C80E00-F9AE-498A-A98C-4CE06CCA93C1}"
EndProject
Global
	GlobalSection(SolutionConfigurationPlatforms) = preSolution
		Debug|Any CPU = Debug|Any CPU
		Release|Any CPU = Release|Any CPU
	EndGlobalSection
	GlobalSection(ProjectConfigurationPlatforms) = postSolution
		{93EC6483-7E58-49DE-B200-A7F4A58724C6}.Debug|Any CPU.ActiveCfg = Debug|Any CPU
		{93EC6483-7E58-49DE-B200-A7F4A58724C6}.Debug|Any CPU.Build.0 = Debug|Any CPU
		{93EC6483-7E58-49DE-B200-A7F4A58724C6}.Release|Any CPU.ActiveCfg = Release|Any CPU
		{93EC6483-7E58-49DE-B200-A7F4A58724C6}.Release|Any CPU.Build.0 = Release|Any CPU
		{62C80E00-F9AE-498A-A98C-4CE06CCA93C1}.Debug|Any CPU.ActiveCfg = Debug|Any CPU
		{62C80E00-F9AE-498A-A98C-4CE06CCA93C1}.Debug|Any CPU.Build.0 = Debug|Any CPU
		{62C80E00-F9AE-498A-A98C-4CE06CCA93C1}.Release|Any CPU.ActiveCfg = Release|Any CPU
		{62C80E00-F9AE-498A-A98C-4CE06CCA93C1}.Release|Any CPU.Build.0 = Release|Any CPU
	EndGlobalSection
	GlobalSection(SolutionProperties) = preSolution
		HideSolutionNode = FALSE
	EndGlobalSection
	GlobalSection(ExtensibilityGlobals) = postSolution
		SolutionGuid = {F110B157-3ECA-4FA2-B131-A50D0AD67154}
	EndGlobalSection
EndGlobal
